# THIS IS AN AUTOGENERATED FILE. DO NOT EDIT THIS FILE DIRECTLY.
# yarn lockfile v1


abbrev@1:
  version "1.1.0"
  resolved "https://registry.yarnpkg.com/abbrev/-/abbrev-1.1.0.tgz#d0554c2256636e2f56e7c2e5ad183f859428d81f"

ansi-regex@^2.0.0:
  version "2.1.1"
  resolved "https://registry.yarnpkg.com/ansi-regex/-/ansi-regex-2.1.1.tgz#c3b33ab5ee360d86e0e628f0468ae7ef27d654df"

ansi-styles@^2.2.1:
  version "2.2.1"
  resolved "https://registry.yarnpkg.com/ansi-styles/-/ansi-styles-2.2.1.tgz#b432dd3358b634cf75e1e4664368240533c1ddbe"

argparse@^1.0.2:
  version "1.0.9"
  resolved "https://registry.yarnpkg.com/argparse/-/argparse-1.0.9.tgz#73d83bc263f86e97f8cc4f6bae1b0e90a7d22c86"
  dependencies:
    sprintf-js "~1.0.2"

array-find-index@^1.0.1:
  version "1.0.2"
  resolved "https://registry.yarnpkg.com/array-find-index/-/array-find-index-1.0.2.tgz#df010aa1287e164bbda6f9723b0a96a1ec4187a1"

async@^0.9.0:
  version "0.9.2"
  resolved "https://registry.yarnpkg.com/async/-/async-0.9.2.tgz#aea74d5e61c1f899613bf64bda66d4c78f2fd17d"

async@~1.5.2:
  version "1.5.2"
  resolved "https://registry.yarnpkg.com/async/-/async-1.5.2.tgz#ec6a61ae56480c0c3cb241c95618e20892f9672a"

balanced-match@^0.4.1:
  version "0.4.2"
  resolved "https://registry.yarnpkg.com/balanced-match/-/balanced-match-0.4.2.tgz#cb3f3e3c732dc0f01ee70b403f302e61d7709838"

batch@0.5.0:
  version "0.5.0"
  resolved "https://registry.yarnpkg.com/batch/-/batch-0.5.0.tgz#fd2e05a7a5d696b4db9314013e285d8ff3557ec3"

brace-expansion@^1.1.7:
  version "1.1.7"
  resolved "https://registry.yarnpkg.com/brace-expansion/-/brace-expansion-1.1.7.tgz#3effc3c50e000531fb720eaff80f0ae8ef23cf59"
  dependencies:
    balanced-match "^0.4.1"
    concat-map "0.0.1"

browserify-zlib@^0.1.4:
  version "0.1.4"
  resolved "https://registry.yarnpkg.com/browserify-zlib/-/browserify-zlib-0.1.4.tgz#bb35f8a519f600e0fa6b8485241c979d0141fb2d"
  dependencies:
    pako "~0.2.0"

buffer-crc32@0.2.1:
  version "0.2.1"
  resolved "https://registry.yarnpkg.com/buffer-crc32/-/buffer-crc32-0.2.1.tgz#be3e5382fc02b6d6324956ac1af98aa98b08534c"

buffer-shims@~1.0.0:
  version "1.0.0"
  resolved "https://registry.yarnpkg.com/buffer-shims/-/buffer-shims-1.0.0.tgz#9978ce317388c649ad8793028c3477ef044a8b51"

builtin-modules@^1.0.0:
  version "1.1.1"
  resolved "https://registry.yarnpkg.com/builtin-modules/-/builtin-modules-1.1.1.tgz#270f076c5a72c02f5b65a47df94c5fe3a278892f"

bytes@0.2.1, bytes@~0.2.1:
  version "0.2.1"
  resolved "https://registry.yarnpkg.com/bytes/-/bytes-0.2.1.tgz#555b08abcb063f8975905302523e4cd4ffdfdf31"

camelcase-keys@^2.0.0:
  version "2.1.0"
  resolved "https://registry.yarnpkg.com/camelcase-keys/-/camelcase-keys-2.1.0.tgz#308beeaffdf28119051efa1d932213c91b8f92e7"
  dependencies:
    camelcase "^2.0.0"
    map-obj "^1.0.0"

camelcase@^2.0.0:
  version "2.1.1"
  resolved "https://registry.yarnpkg.com/camelcase/-/camelcase-2.1.1.tgz#7c1d16d679a1bbe59ca02cacecfb011e201f5a1f"

chalk@^1.0.0, chalk@~1.1.1:
  version "1.1.3"
  resolved "https://registry.yarnpkg.com/chalk/-/chalk-1.1.3.tgz#a8115c55e4a702fe4d150abd3872822a7e09fc98"
  dependencies:
    ansi-styles "^2.2.1"
    escape-string-regexp "^1.0.2"
    has-ansi "^2.0.0"
    strip-ansi "^3.0.0"
    supports-color "^2.0.0"

coffee-script@~1.10.0:
  version "1.10.0"
  resolved "https://registry.yarnpkg.com/coffee-script/-/coffee-script-1.10.0.tgz#12938bcf9be1948fa006f92e0c4c9e81705108c0"

colors@~1.1.2:
  version "1.1.2"
  resolved "https://registry.yarnpkg.com/colors/-/colors-1.1.2.tgz#168a4701756b6a7f51a12ce0c97bfa28c084ed63"

commander@~2.9.0:
  version "2.9.0"
  resolved "https://registry.yarnpkg.com/commander/-/commander-2.9.0.tgz#9c99094176e12240cb22d6c5146098400fe0f7d4"
  dependencies:
    graceful-readlink ">= 1.0.0"

compressible@1.0.0:
  version "1.0.0"
  resolved "https://registry.yarnpkg.com/compressible/-/compressible-1.0.0.tgz#f83e49c1cb61421753545125a8011d68b492427d"

concat-map@0.0.1:
  version "0.0.1"
  resolved "https://registry.yarnpkg.com/concat-map/-/concat-map-0.0.1.tgz#d8a96bd77fd68df7793a73036a3ba0d5405d477b"

concat-stream@^1.4.1:
  version "1.6.0"
  resolved "https://registry.yarnpkg.com/concat-stream/-/concat-stream-1.6.0.tgz#0aac662fd52be78964d5532f694784e70110acf7"
  dependencies:
    inherits "^2.0.3"
    readable-stream "^2.2.2"
    typedarray "^0.0.6"

connect@~2.13.0:
  version "2.13.1"
  resolved "https://registry.yarnpkg.com/connect/-/connect-2.13.1.tgz#aab82be9f0765a423aa99431ab922aaa8081aa22"
  dependencies:
    batch "0.5.0"
    buffer-crc32 "0.2.1"
    bytes "0.2.1"
    compressible "1.0.0"
    cookie "0.1.0"
    cookie-signature "1.0.1"
    debug ">= 0.7.3 < 1"
    fresh "0.2.0"
    methods "0.1.0"
    multiparty "2.2.0"
    negotiator "0.3.0"
    pause "0.0.1"
    qs "0.6.6"
    raw-body "1.1.3"
    send "0.1.4"
    uid2 "0.0.3"

cookie-signature@1.0.1:
  version "1.0.1"
  resolved "https://registry.yarnpkg.com/cookie-signature/-/cookie-signature-1.0.1.tgz#44e072148af01e6e8e24afbf12690d68ae698ecb"

cookie@0.1.0:
  version "0.1.0"
  resolved "https://registry.yarnpkg.com/cookie/-/cookie-0.1.0.tgz#90eb469ddce905c866de687efc43131d8801f9d0"

core-util-is@~1.0.0:
  version "1.0.2"
  resolved "https://registry.yarnpkg.com/core-util-is/-/core-util-is-1.0.2.tgz#b5fd54220aa2bc5ab57aab7140c940754503c1a7"

cross-spawn@^0.2.3:
  version "0.2.9"
  resolved "https://registry.yarnpkg.com/cross-spawn/-/cross-spawn-0.2.9.tgz#bd67f96c07efb6303b7fe94c1e979f88478e0a39"
  dependencies:
    lru-cache "^2.5.0"

currently-unhandled@^0.4.1:
  version "0.4.1"
  resolved "https://registry.yarnpkg.com/currently-unhandled/-/currently-unhandled-0.4.1.tgz#988df33feab191ef799a61369dd76c17adf957ea"
  dependencies:
    array-find-index "^1.0.1"

dargs@^4.0.0:
  version "4.1.0"
  resolved "https://registry.yarnpkg.com/dargs/-/dargs-4.1.0.tgz#03a9dbb4b5c2f139bf14ae53f0b8a2a6a86f4e17"
  dependencies:
    number-is-nan "^1.0.0"

dateformat@~1.0.12:
  version "1.0.12"
  resolved "https://registry.yarnpkg.com/dateformat/-/dateformat-1.0.12.tgz#9f124b67594c937ff706932e4a642cca8dbbfee9"
  dependencies:
    get-stdin "^4.0.1"
    meow "^3.3.0"

debug@*, "debug@>= 0.7.3 < 1":
  version "0.8.1"
  resolved "https://registry.yarnpkg.com/debug/-/debug-0.8.1.tgz#20ff4d26f5e422cb68a1bacbbb61039ad8c1c130"

decamelize@^1.1.2:
  version "1.2.0"
  resolved "https://registry.yarnpkg.com/decamelize/-/decamelize-1.2.0.tgz#f6534d15148269b20352e7bee26f501f9a191290"

dot@~1.0.2:
  version "1.0.3"
  resolved "https://registry.yarnpkg.com/dot/-/dot-1.0.3.tgz#f8750bfb6b03c7664eb0e6cb1eb4c66419af9427"

error-ex@^1.2.0:
  version "1.3.1"
  resolved "https://registry.yarnpkg.com/error-ex/-/error-ex-1.3.1.tgz#f855a86ce61adc4e8621c3cda21e7a7612c3a8dc"
  dependencies:
    is-arrayish "^0.2.1"

escape-string-regexp@^1.0.2, escape-string-regexp@^1.0.5:
  version "1.0.5"
  resolved "https://registry.yarnpkg.com/escape-string-regexp/-/escape-string-regexp-1.0.5.tgz#1b61c0562190a8dff6ae3bb2cf0200ca130b86d4"

esprima@^2.6.0:
  version "2.7.3"
  resolved "https://registry.yarnpkg.com/esprima/-/esprima-2.7.3.tgz#96e3b70d5779f6ad49cd032673d1c312767ba581"

eventemitter2@~0.4.13:
  version "0.4.14"
  resolved "https://registry.yarnpkg.com/eventemitter2/-/eventemitter2-0.4.14.tgz#8f61b75cde012b2e9eb284d4545583b5643b61ab"

exit@~0.1.1:
  version "0.1.2"
  resolved "https://registry.yarnpkg.com/exit/-/exit-0.1.2.tgz#0632638f8d877cc82107d30a0fff1a17cba1cd0c"

figures@^1.0.1:
  version "1.7.0"
  resolved "https://registry.yarnpkg.com/figures/-/figures-1.7.0.tgz#cbe1e3affcf1cd44b80cadfed28dc793a9701d2e"
  dependencies:
    escape-string-regexp "^1.0.5"
    object-assign "^4.1.0"

find-up@^1.0.0:
  version "1.1.2"
  resolved "https://registry.yarnpkg.com/find-up/-/find-up-1.1.2.tgz#6b2e9822b1a2ce0a60ab64d610eccad53cb24d0f"
  dependencies:
    path-exists "^2.0.0"
    pinkie-promise "^2.0.0"

findup-sync@~0.3.0:
  version "0.3.0"
  resolved "https://registry.yarnpkg.com/findup-sync/-/findup-sync-0.3.0.tgz#37930aa5d816b777c03445e1966cc6790a4c0b16"
  dependencies:
    glob "~5.0.0"

fresh@0.2.0:
  version "0.2.0"
  resolved "https://registry.yarnpkg.com/fresh/-/fresh-0.2.0.tgz#bfd9402cf3df12c4a4c310c79f99a3dde13d34a7"

fs.realpath@^1.0.0:
  version "1.0.0"
  resolved "https://registry.yarnpkg.com/fs.realpath/-/fs.realpath-1.0.0.tgz#1504ad2523158caa40db4a2787cb01411994ea4f"

get-stdin@^4.0.1:
  version "4.0.1"
  resolved "https://registry.yarnpkg.com/get-stdin/-/get-stdin-4.0.1.tgz#b968c6b0a04384324902e8bf1a5df32579a450fe"

getobject@~0.1.0:
  version "0.1.0"
  resolved "https://registry.yarnpkg.com/getobject/-/getobject-0.1.0.tgz#047a449789fa160d018f5486ed91320b6ec7885c"

glob@~5.0.0:
  version "5.0.15"
  resolved "https://registry.yarnpkg.com/glob/-/glob-5.0.15.tgz#1bc936b9e02f4a603fcc222ecf7633d30b8b93b1"
  dependencies:
    inflight "^1.0.4"
    inherits "2"
    minimatch "2 || 3"
    once "^1.3.0"
    path-is-absolute "^1.0.0"

glob@~7.0.0:
  version "7.0.6"
  resolved "https://registry.yarnpkg.com/glob/-/glob-7.0.6.tgz#211bafaf49e525b8cd93260d14ab136152b3f57a"
  dependencies:
    fs.realpath "^1.0.0"
    inflight "^1.0.4"
    inherits "2"
    minimatch "^3.0.2"
    once "^1.3.0"
    path-is-absolute "^1.0.0"

graceful-fs@^4.1.2:
  version "4.1.11"
  resolved "https://registry.yarnpkg.com/graceful-fs/-/graceful-fs-4.1.11.tgz#0e8bdfe4d1ddb8854d64e04ea7c00e2a026e5658"

"graceful-readlink@>= 1.0.0":
  version "1.0.1"
  resolved "https://registry.yarnpkg.com/graceful-readlink/-/graceful-readlink-1.0.1.tgz#4cafad76bc62f02fa039b2f94e9a3dd3a391a725"

grunt-bump@0.8.0:
  version "0.8.0"
  resolved "https://registry.yarnpkg.com/grunt-bump/-/grunt-bump-0.8.0.tgz#d3ffe0cf3cf0b38e09607b78538f42a531eafe55"
  dependencies:
    semver "^5.1.0"

grunt-cli@~1.2.0:
  version "1.2.0"
  resolved "https://registry.yarnpkg.com/grunt-cli/-/grunt-cli-1.2.0.tgz#562b119ebb069ddb464ace2845501be97b35b6a8"
  dependencies:
    findup-sync "~0.3.0"
    grunt-known-options "~1.1.0"
    nopt "~3.0.6"
    resolve "~1.1.0"

grunt-contrib-sass@^1.0.0:
  version "1.0.0"
  resolved "https://registry.yarnpkg.com/grunt-contrib-sass/-/grunt-contrib-sass-1.0.0.tgz#806838251cbc0e1a94d64d515cdd34cf674d701b"
  dependencies:
    async "^0.9.0"
    chalk "^1.0.0"
    cross-spawn "^0.2.3"
    dargs "^4.0.0"
    which "^1.0.5"

grunt-contrib-uglify@^3.0.1:
  version "3.0.1"
  resolved "https://registry.yarnpkg.com/grunt-contrib-uglify/-/grunt-contrib-uglify-3.0.1.tgz#fdeb5f938a4c8042f8e86ae46f63554e8e9511cb"
  dependencies:
    chalk "^1.0.0"
    maxmin "^1.1.0"
    uglify-js "~3.0.4"
    uri-path "^1.0.0"

grunt-known-options@~1.1.0:
  version "1.1.0"
  resolved "https://registry.yarnpkg.com/grunt-known-options/-/grunt-known-options-1.1.0.tgz#a4274eeb32fa765da5a7a3b1712617ce3b144149"

grunt-legacy-log-utils@~1.0.0:
  version "1.0.0"
  resolved "https://registry.yarnpkg.com/grunt-legacy-log-utils/-/grunt-legacy-log-utils-1.0.0.tgz#a7b8e2d0fb35b5a50f4af986fc112749ebc96f3d"
  dependencies:
    chalk "~1.1.1"
    lodash "~4.3.0"

grunt-legacy-log@~1.0.0:
  version "1.0.0"
  resolved "https://registry.yarnpkg.com/grunt-legacy-log/-/grunt-legacy-log-1.0.0.tgz#fb86f1809847bc07dc47843f9ecd6cacb62df2d5"
  dependencies:
    colors "~1.1.2"
    grunt-legacy-log-utils "~1.0.0"
    hooker "~0.2.3"
    lodash "~3.10.1"
    underscore.string "~3.2.3"

grunt-legacy-util@~1.0.0:
  version "1.0.0"
  resolved "https://registry.yarnpkg.com/grunt-legacy-util/-/grunt-legacy-util-1.0.0.tgz#386aa78dc6ed50986c2b18957265b1b48abb9b86"
  dependencies:
    async "~1.5.2"
    exit "~0.1.1"
    getobject "~0.1.0"
    hooker "~0.2.3"
    lodash "~4.3.0"
    underscore.string "~3.2.3"
    which "~1.2.1"

grunt-serve@^0.1.6:
  version "0.1.6"
  resolved "https://registry.yarnpkg.com/grunt-serve/-/grunt-serve-0.1.6.tgz#98684aba51f9272ae9bd34f59798962ceed4ed23"
  dependencies:
    connect "~2.13.0"
    dot "~1.0.2"

grunt@^1.0.1:
  version "1.0.1"
  resolved "https://registry.yarnpkg.com/grunt/-/grunt-1.0.1.tgz#e8778764e944b18f32bb0f10b9078475c9dfb56b"
  dependencies:
    coffee-script "~1.10.0"
    dateformat "~1.0.12"
    eventemitter2 "~0.4.13"
    exit "~0.1.1"
    findup-sync "~0.3.0"
    glob "~7.0.0"
    grunt-cli "~1.2.0"
    grunt-known-options "~1.1.0"
    grunt-legacy-log "~1.0.0"
    grunt-legacy-util "~1.0.0"
    iconv-lite "~0.4.13"
    js-yaml "~3.5.2"
    minimatch "~3.0.0"
    nopt "~3.0.6"
    path-is-absolute "~1.0.0"
    rimraf "~2.2.8"

gzip-size@^1.0.0:
  version "1.0.0"
  resolved "https://registry.yarnpkg.com/gzip-size/-/gzip-size-1.0.0.tgz#66cf8b101047227b95bace6ea1da0c177ed5c22f"
  dependencies:
    browserify-zlib "^0.1.4"
    concat-stream "^1.4.1"

has-ansi@^2.0.0:
  version "2.0.0"
  resolved "https://registry.yarnpkg.com/has-ansi/-/has-ansi-2.0.0.tgz#34f5049ce1ecdf2b0649af3ef24e45ed35416d91"
  dependencies:
    ansi-regex "^2.0.0"

hooker@~0.2.3:
  version "0.2.3"
  resolved "https://registry.yarnpkg.com/hooker/-/hooker-0.2.3.tgz#b834f723cc4a242aa65963459df6d984c5d3d959"

hosted-git-info@^2.1.4:
  version "2.4.2"
  resolved "https://registry.yarnpkg.com/hosted-git-info/-/hosted-git-info-2.4.2.tgz#0076b9f46a270506ddbaaea56496897460612a67"

iconv-lite@~0.4.13:
  version "0.4.17"
  resolved "https://registry.yarnpkg.com/iconv-lite/-/iconv-lite-0.4.17.tgz#4fdaa3b38acbc2c031b045d0edcdfe1ecab18c8d"

indent-string@^2.1.0:
  version "2.1.0"
  resolved "https://registry.yarnpkg.com/indent-string/-/indent-string-2.1.0.tgz#8e2d48348742121b4a8218b7a137e9a52049dc80"
  dependencies:
    repeating "^2.0.0"

inflight@^1.0.4:
  version "1.0.6"
  resolved "https://registry.yarnpkg.com/inflight/-/inflight-1.0.6.tgz#49bd6331d7d02d0c09bc910a1075ba8165b56df9"
  dependencies:
    once "^1.3.0"
    wrappy "1"

inherits@2, inherits@^2.0.3, inherits@~2.0.1:
  version "2.0.3"
  resolved "https://registry.yarnpkg.com/inherits/-/inherits-2.0.3.tgz#633c2c83e3da42a502f52466022480f4208261de"

is-arrayish@^0.2.1:
  version "0.2.1"
  resolved "https://registry.yarnpkg.com/is-arrayish/-/is-arrayish-0.2.1.tgz#77c99840527aa8ecb1a8ba697b80645a7a926a9d"

is-builtin-module@^1.0.0:
  version "1.0.0"
  resolved "https://registry.yarnpkg.com/is-builtin-module/-/is-builtin-module-1.0.0.tgz#540572d34f7ac3119f8f76c30cbc1b1e037affbe"
  dependencies:
    builtin-modules "^1.0.0"

is-finite@^1.0.0:
  version "1.0.2"
  resolved "https://registry.yarnpkg.com/is-finite/-/is-finite-1.0.2.tgz#cc6677695602be550ef11e8b4aa6305342b6d0aa"
  dependencies:
    number-is-nan "^1.0.0"

is-utf8@^0.2.0:
  version "0.2.1"
  resolved "https://registry.yarnpkg.com/is-utf8/-/is-utf8-0.2.1.tgz#4b0da1442104d1b336340e80797e865cf39f7d72"

isarray@0.0.1:
  version "0.0.1"
  resolved "https://registry.yarnpkg.com/isarray/-/isarray-0.0.1.tgz#8a18acfca9a8f4177e09abfc6038939b05d1eedf"

isarray@~1.0.0:
  version "1.0.0"
  resolved "https://registry.yarnpkg.com/isarray/-/isarray-1.0.0.tgz#bb935d48582cba168c06834957a54a3e07124f11"

isexe@^2.0.0:
  version "2.0.0"
  resolved "https://registry.yarnpkg.com/isexe/-/isexe-2.0.0.tgz#e8fbf374dc556ff8947a10dcb0572d633f2cfa10"

js-yaml@~3.5.2:
  version "3.5.5"
  resolved "https://registry.yarnpkg.com/js-yaml/-/js-yaml-3.5.5.tgz#0377c38017cabc7322b0d1fbcd25a491641f2fbe"
  dependencies:
    argparse "^1.0.2"
    esprima "^2.6.0"

load-json-file@^1.0.0:
  version "1.1.0"
  resolved "https://registry.yarnpkg.com/load-json-file/-/load-json-file-1.1.0.tgz#956905708d58b4bab4c2261b04f59f31c99374c0"
  dependencies:
    graceful-fs "^4.1.2"
    parse-json "^2.2.0"
    pify "^2.0.0"
    pinkie-promise "^2.0.0"
    strip-bom "^2.0.0"

lodash@~3.10.1:
  version "3.10.1"
  resolved "https://registry.yarnpkg.com/lodash/-/lodash-3.10.1.tgz#5bf45e8e49ba4189e17d482789dfd15bd140b7b6"

lodash@~4.3.0:
  version "4.3.0"
  resolved "https://registry.yarnpkg.com/lodash/-/lodash-4.3.0.tgz#efd9c4a6ec53f3b05412429915c3e4824e4d25a4"

loud-rejection@^1.0.0:
  version "1.6.0"
  resolved "https://registry.yarnpkg.com/loud-rejection/-/loud-rejection-1.6.0.tgz#5b46f80147edee578870f086d04821cf998e551f"
  dependencies:
    currently-unhandled "^0.4.1"
    signal-exit "^3.0.0"

lru-cache@^2.5.0:
  version "2.7.3"
  resolved "https://registry.yarnpkg.com/lru-cache/-/lru-cache-2.7.3.tgz#6d4524e8b955f95d4f5b58851ce21dd72fb4e952"

map-obj@^1.0.0, map-obj@^1.0.1:
  version "1.0.1"
  resolved "https://registry.yarnpkg.com/map-obj/-/map-obj-1.0.1.tgz#d933ceb9205d82bdcf4886f6742bdc2b4dea146d"

maxmin@^1.1.0:
  version "1.1.0"
  resolved "https://registry.yarnpkg.com/maxmin/-/maxmin-1.1.0.tgz#71365e84a99dd8f8b3f7d5fde2f00d1e7f73be61"
  dependencies:
    chalk "^1.0.0"
    figures "^1.0.1"
    gzip-size "^1.0.0"
    pretty-bytes "^1.0.0"

meow@^3.1.0, meow@^3.3.0:
  version "3.7.0"
  resolved "https://registry.yarnpkg.com/meow/-/meow-3.7.0.tgz#72cb668b425228290abbfa856892587308a801fb"
  dependencies:
    camelcase-keys "^2.0.0"
    decamelize "^1.1.2"
    loud-rejection "^1.0.0"
    map-obj "^1.0.1"
    minimist "^1.1.3"
    normalize-package-data "^2.3.4"
    object-assign "^4.0.1"
    read-pkg-up "^1.0.1"
    redent "^1.0.0"
    trim-newlines "^1.0.0"

methods@0.1.0:
  version "0.1.0"
  resolved "https://registry.yarnpkg.com/methods/-/methods-0.1.0.tgz#335d429eefd21b7bacf2e9c922a8d2bd14a30e4f"

mime@~1.2.9:
  version "1.2.11"
  resolved "https://registry.yarnpkg.com/mime/-/mime-1.2.11.tgz#58203eed86e3a5ef17aed2b7d9ebd47f0a60dd10"

"minimatch@2 || 3", minimatch@^3.0.2, minimatch@~3.0.0:
  version "3.0.4"
  resolved "https://registry.yarnpkg.com/minimatch/-/minimatch-3.0.4.tgz#5166e286457f03306064be5497e8dbb0c3d32083"
  dependencies:
    brace-expansion "^1.1.7"

minimist@^1.1.3:
  version "1.2.0"
  resolved "https://registry.yarnpkg.com/minimist/-/minimist-1.2.0.tgz#a35008b20f41383eec1fb914f4cd5df79a264284"

multiparty@2.2.0:
  version "2.2.0"
  resolved "https://registry.yarnpkg.com/multiparty/-/multiparty-2.2.0.tgz#a567c2af000ad22dc8f2a653d91978ae1f5316f4"
  dependencies:
    readable-stream "~1.1.9"
    stream-counter "~0.2.0"

negotiator@0.3.0:
  version "0.3.0"
  resolved "https://registry.yarnpkg.com/negotiator/-/negotiator-0.3.0.tgz#706d692efeddf574d57ea9fb1ab89a4fa7ee8f60"

nopt@~3.0.6:
  version "3.0.6"
  resolved "https://registry.yarnpkg.com/nopt/-/nopt-3.0.6.tgz#c6465dbf08abcd4db359317f79ac68a646b28ff9"
  dependencies:
    abbrev "1"

normalize-package-data@^2.3.2, normalize-package-data@^2.3.4:
  version "2.3.8"
  resolved "https://registry.yarnpkg.com/normalize-package-data/-/normalize-package-data-2.3.8.tgz#d819eda2a9dedbd1ffa563ea4071d936782295bb"
  dependencies:
    hosted-git-info "^2.1.4"
    is-builtin-module "^1.0.0"
    semver "2 || 3 || 4 || 5"
    validate-npm-package-license "^3.0.1"

number-is-nan@^1.0.0:
  version "1.0.1"
  resolved "https://registry.yarnpkg.com/number-is-nan/-/number-is-nan-1.0.1.tgz#097b602b53422a522c1afb8790318336941a011d"

object-assign@^4.0.1, object-assign@^4.1.0:
  version "4.1.1"
  resolved "https://registry.yarnpkg.com/object-assign/-/object-assign-4.1.1.tgz#2109adc7965887cfc05cbbd442cac8bfbb360863"

once@^1.3.0:
  version "1.4.0"
  resolved "https://registry.yarnpkg.com/once/-/once-1.4.0.tgz#583b1aa775961d4b113ac17d9c50baef9dd76bd1"
  dependencies:
    wrappy "1"

pako@~0.2.0:
  version "0.2.9"
  resolved "https://registry.yarnpkg.com/pako/-/pako-0.2.9.tgz#f3f7522f4ef782348da8161bad9ecfd51bf83a75"

parse-json@^2.2.0:
  version "2.2.0"
  resolved "https://registry.yarnpkg.com/parse-json/-/parse-json-2.2.0.tgz#f480f40434ef80741f8469099f8dea18f55a4dc9"
  dependencies:
    error-ex "^1.2.0"

path-exists@^2.0.0:
  version "2.1.0"
  resolved "https://registry.yarnpkg.com/path-exists/-/path-exists-2.1.0.tgz#0feb6c64f0fc518d9a754dd5efb62c7022761f4b"
  dependencies:
    pinkie-promise "^2.0.0"

path-is-absolute@^1.0.0, path-is-absolute@~1.0.0:
  version "1.0.1"
  resolved "https://registry.yarnpkg.com/path-is-absolute/-/path-is-absolute-1.0.1.tgz#174b9268735534ffbc7ace6bf53a5a9e1b5c5f5f"

path-type@^1.0.0:
  version "1.1.0"
  resolved "https://registry.yarnpkg.com/path-type/-/path-type-1.1.0.tgz#59c44f7ee491da704da415da5a4070ba4f8fe441"
  dependencies:
    graceful-fs "^4.1.2"
    pify "^2.0.0"
    pinkie-promise "^2.0.0"

pause@0.0.1:
  version "0.0.1"
  resolved "https://registry.yarnpkg.com/pause/-/pause-0.0.1.tgz#1d408b3fdb76923b9543d96fb4c9dfd535d9cb5d"

pify@^2.0.0:
  version "2.3.0"
  resolved "https://registry.yarnpkg.com/pify/-/pify-2.3.0.tgz#ed141a6ac043a849ea588498e7dca8b15330e90c"

pinkie-promise@^2.0.0:
  version "2.0.1"
  resolved "https://registry.yarnpkg.com/pinkie-promise/-/pinkie-promise-2.0.1.tgz#2135d6dfa7a358c069ac9b178776288228450ffa"
  dependencies:
    pinkie "^2.0.0"

pinkie@^2.0.0:
  version "2.0.4"
  resolved "https://registry.yarnpkg.com/pinkie/-/pinkie-2.0.4.tgz#72556b80cfa0d48a974e80e77248e80ed4f7f870"

pretty-bytes@^1.0.0:
  version "1.0.4"
  resolved "https://registry.yarnpkg.com/pretty-bytes/-/pretty-bytes-1.0.4.tgz#0a22e8210609ad35542f8c8d5d2159aff0751c84"
  dependencies:
    get-stdin "^4.0.1"
    meow "^3.1.0"

process-nextick-args@~1.0.6:
  version "1.0.7"
  resolved "https://registry.yarnpkg.com/process-nextick-args/-/process-nextick-args-1.0.7.tgz#150e20b756590ad3f91093f25a4f2ad8bff30ba3"

qs@0.6.6:
  version "0.6.6"
  resolved "https://registry.yarnpkg.com/qs/-/qs-0.6.6.tgz#6e015098ff51968b8a3c819001d5f2c89bc4b107"

range-parser@0.0.4:
  version "0.0.4"
  resolved "https://registry.yarnpkg.com/range-parser/-/range-parser-0.0.4.tgz#c0427ffef51c10acba0782a46c9602e744ff620b"

raw-body@1.1.3:
  version "1.1.3"
  resolved "https://registry.yarnpkg.com/raw-body/-/raw-body-1.1.3.tgz#3d2f91e2449259cc67b8c3ce9f061db5b987935b"
  dependencies:
    bytes "~0.2.1"

read-pkg-up@^1.0.1:
  version "1.0.1"
  resolved "https://registry.yarnpkg.com/read-pkg-up/-/read-pkg-up-1.0.1.tgz#9d63c13276c065918d57f002a57f40a1b643fb02"
  dependencies:
    find-up "^1.0.0"
    read-pkg "^1.0.0"

read-pkg@^1.0.0:
  version "1.1.0"
  resolved "https://registry.yarnpkg.com/read-pkg/-/read-pkg-1.1.0.tgz#f5ffaa5ecd29cb31c0474bca7d756b6bb29e3f28"
  dependencies:
    load-json-file "^1.0.0"
    normalize-package-data "^2.3.2"
    path-type "^1.0.0"

readable-stream@^2.2.2:
  version "2.2.9"
  resolved "https://registry.yarnpkg.com/readable-stream/-/readable-stream-2.2.9.tgz#cf78ec6f4a6d1eb43d26488cac97f042e74b7fc8"
  dependencies:
    buffer-shims "~1.0.0"
    core-util-is "~1.0.0"
    inherits "~2.0.1"
    isarray "~1.0.0"
    process-nextick-args "~1.0.6"
    string_decoder "~1.0.0"
    util-deprecate "~1.0.1"

readable-stream@~1.1.8, readable-stream@~1.1.9:
  version "1.1.14"
  resolved "https://registry.yarnpkg.com/readable-stream/-/readable-stream-1.1.14.tgz#7cf4c54ef648e3813084c636dd2079e166c081d9"
  dependencies:
    core-util-is "~1.0.0"
    inherits "~2.0.1"
    isarray "0.0.1"
    string_decoder "~0.10.x"

redent@^1.0.0:
  version "1.0.0"
  resolved "https://registry.yarnpkg.com/redent/-/redent-1.0.0.tgz#cf916ab1fd5f1f16dfb20822dd6ec7f730c2afde"
  dependencies:
    indent-string "^2.1.0"
    strip-indent "^1.0.1"

repeating@^2.0.0:
  version "2.0.1"
  resolved "https://registry.yarnpkg.com/repeating/-/repeating-2.0.1.tgz#5214c53a926d3552707527fbab415dbc08d06dda"
  dependencies:
    is-finite "^1.0.0"

resolve@~1.1.0:
  version "1.1.7"
  resolved "https://registry.yarnpkg.com/resolve/-/resolve-1.1.7.tgz#203114d82ad2c5ed9e8e0411b3932875e889e97b"

rimraf@~2.2.8:
  version "2.2.8"
  resolved "https://registry.yarnpkg.com/rimraf/-/rimraf-2.2.8.tgz#e439be2aaee327321952730f99a8929e4fc50582"

safe-buffer@^5.0.1:
  version "5.0.1"
  resolved "https://registry.yarnpkg.com/safe-buffer/-/safe-buffer-5.0.1.tgz#d263ca54696cd8a306b5ca6551e92de57918fbe7"

"semver@2 || 3 || 4 || 5", semver@^5.1.0:
  version "5.3.0"
  resolved "https://registry.yarnpkg.com/semver/-/semver-5.3.0.tgz#9b2ce5d3de02d17c6012ad326aa6b4d0cf54f94f"

send@0.1.4:
  version "0.1.4"
  resolved "https://registry.yarnpkg.com/send/-/send-0.1.4.tgz#be70d8d1be01de61821af13780b50345a4f71abd"
  dependencies:
    debug "*"
    fresh "0.2.0"
    mime "~1.2.9"
    range-parser "0.0.4"

signal-exit@^3.0.0:
  version "3.0.2"
  resolved "https://registry.yarnpkg.com/signal-exit/-/signal-exit-3.0.2.tgz#b5fdc08f1287ea1178628e415e25132b73646c6d"

source-map@~0.5.1:
  version "0.5.6"
  resolved "https://registry.yarnpkg.com/source-map/-/source-map-0.5.6.tgz#75ce38f52bf0733c5a7f0c118d81334a2bb5f412"

spdx-correct@~1.0.0:
  version "1.0.2"
  resolved "https://registry.yarnpkg.com/spdx-correct/-/spdx-correct-1.0.2.tgz#4b3073d933ff51f3912f03ac5519498a4150db40"
  dependencies:
    spdx-license-ids "^1.0.2"

spdx-expression-parse@~1.0.0:
  version "1.0.4"
  resolved "https://registry.yarnpkg.com/spdx-expression-parse/-/spdx-expression-parse-1.0.4.tgz#9bdf2f20e1f40ed447fbe273266191fced51626c"

spdx-license-ids@^1.0.2:
  version "1.2.2"
  resolved "https://registry.yarnpkg.com/spdx-license-ids/-/spdx-license-ids-1.2.2.tgz#c9df7a3424594ade6bd11900d596696dc06bac57"

sprintf-js@~1.0.2:
  version "1.0.3"
  resolved "https://registry.yarnpkg.com/sprintf-js/-/sprintf-js-1.0.3.tgz#04e6926f662895354f3dd015203633b857297e2c"

stream-counter@~0.2.0:
  version "0.2.0"
  resolved "https://registry.yarnpkg.com/stream-counter/-/stream-counter-0.2.0.tgz#ded266556319c8b0e222812b9cf3b26fa7d947de"
  dependencies:
    readable-stream "~1.1.8"

string_decoder@~0.10.x:
  version "0.10.31"
  resolved "https://registry.yarnpkg.com/string_decoder/-/string_decoder-0.10.31.tgz#62e203bc41766c6c28c9fc84301dab1c5310fa94"

string_decoder@~1.0.0:
  version "1.0.1"
  resolved "https://registry.yarnpkg.com/string_decoder/-/string_decoder-1.0.1.tgz#62e200f039955a6810d8df0a33ffc0f013662d98"
  dependencies:
    safe-buffer "^5.0.1"

strip-ansi@^3.0.0:
  version "3.0.1"
  resolved "https://registry.yarnpkg.com/strip-ansi/-/strip-ansi-3.0.1.tgz#6a385fb8853d952d5ff05d0e8aaf94278dc63dcf"
  dependencies:
    ansi-regex "^2.0.0"

strip-bom@^2.0.0:
  version "2.0.0"
  resolved "https://registry.yarnpkg.com/strip-bom/-/strip-bom-2.0.0.tgz#6219a85616520491f35788bdbf1447a99c7e6b0e"
  dependencies:
    is-utf8 "^0.2.0"

strip-indent@^1.0.1:
  version "1.0.1"
  resolved "https://registry.yarnpkg.com/strip-indent/-/strip-indent-1.0.1.tgz#0c7962a6adefa7bbd4ac366460a638552ae1a0a2"
  dependencies:
    get-stdin "^4.0.1"

supports-color@^2.0.0:
  version "2.0.0"
  resolved "https://registry.yarnpkg.com/supports-color/-/supports-color-2.0.0.tgz#535d045ce6b6363fa40117084629995e9df324c7"

trim-newlines@^1.0.0:
  version "1.0.0"
  resolved "https://registry.yarnpkg.com/trim-newlines/-/trim-newlines-1.0.0.tgz#5887966bb582a4503a41eb524f7d35011815a613"

typedarray@^0.0.6:
  version "0.0.6"
  resolved "https://registry.yarnpkg.com/typedarray/-/typedarray-0.0.6.tgz#867ac74e3864187b1d3d47d996a78ec5c8830777"

uglify-js@~3.0.4:
  version "3.0.10"
  resolved "https://registry.yarnpkg.com/uglify-js/-/uglify-js-3.0.10.tgz#e220e7dbc05ce1f9bb08268b221aa0cf152fb4e2"
  dependencies:
    commander "~2.9.0"
    source-map "~0.5.1"

uid2@0.0.3:
  version "0.0.3"
  resolved "https://registry.yarnpkg.com/uid2/-/uid2-0.0.3.tgz#483126e11774df2f71b8b639dcd799c376162b82"

underscore.string@~3.2.3:
  version "3.2.3"
  resolved "https://registry.yarnpkg.com/underscore.string/-/underscore.string-3.2.3.tgz#806992633665d5e5fcb4db1fb3a862eb68e9e6da"

uri-path@^1.0.0:
  version "1.0.0"
  resolved "https://registry.yarnpkg.com/uri-path/-/uri-path-1.0.0.tgz#9747f018358933c31de0fccfd82d138e67262e32"

util-deprecate@~1.0.1:
  version "1.0.2"
  resolved "https://registry.yarnpkg.com/util-deprecate/-/util-deprecate-1.0.2.tgz#450d4dc9fa70de732762fbd2d4a28981419a0ccf"

validate-npm-package-license@^3.0.1:
  version "3.0.1"
  resolved "https://registry.yarnpkg.com/validate-npm-package-license/-/validate-npm-package-license-3.0.1.tgz#2804babe712ad3379459acfbe24746ab2c303fbc"
  dependencies:
    spdx-correct "~1.0.0"
    spdx-expression-parse "~1.0.0"

which@^1.0.5, which@~1.2.1:
  version "1.2.14"
  resolved "https://registry.yarnpkg.com/which/-/which-1.2.14.tgz#9a87c4378f03e827cecaf1acdf56c736c01c14e5"
  dependencies:
    isexe "^2.0.0"

wrappy@1:
  version "1.0.2"
  resolved "https://registry.yarnpkg.com/wrappy/-/wrappy-1.0.2.tgz#b5243d8f3ec1aa35f1364605bc0d1036e30ab69f"
